
Microsoft Visual Studio Solution File, Format Version 12.00
# Visual Studio Version 16
VisualStudioVersion = 16.0.34407.143
MinimumVisualStudioVersion = 10.0.40219.1
Project("{FAE04EC0-301F-11D3-BF4B-00C04F79EFBC}") = "ButaGroupTask", "ButaGroupTask\ButaGroupTask.csproj", "{D7FD3DE4-8C68-485F-870C-447A2724147B}"
EndProject
Global
	GlobalSection(SolutionConfigurationPlatforms) = preSolution
		Debug|Any CPU = Debug|Any CPU
		Release|Any CPU = Release|Any CPU
	EndGlobalSection
	GlobalSection(ProjectConfigurationPlatforms) = postSolution
		{D7FD3DE4-8C68-485F-870C-447A2724147B}.Debug|Any CPU.ActiveCfg = Debug|Any CPU
		{D7FD3DE4-8C68-485F-870C-447A2724147B}.Debug|Any CPU.Build.0 = Debug|Any CPU
		{D7FD3DE4-8C68-485F-870C-447A2724147B}.Release|Any CPU.ActiveCfg = Release|Any CPU
		{D7FD3DE4-8C68-485F-870C-447A2724147B}.Release|Any CPU.Build.0 = Release|Any CPU
	EndGlobalSection
	GlobalSection(SolutionProperties) = preSolution
		HideSolutionNode = FALSE
	EndGlobalSection
	GlobalSection(ExtensibilityGlobals) = postSolution
		SolutionGuid = {ABC765D6-17D5-44CF-B9D2-6395A26BD5AE}
	EndGlobalSection
EndGlobal
